# This file was autogenerated by Stack.
# You should not edit this file by hand.
# For more information, please see the documentation at:
#   https://docs.haskellstack.org/en/stable/topics/lock_files

packages:
- completed:
    hackage: invertible-0.2.0.8@sha256:a6bfbf7e48a1744716134d8c73b3dec2d668ee13ba2c7cffce73621a275d559f,3628
    pantry-tree:
      sha256: cd61072adf765d8ad2fd782f5c2f2c23e7c3d2bfdc267194129305e9de415d03
      size: 2313
  original:
    hackage: invertible-0.2.0.8
- completed:
    hackage: invertible-hxt-0.1@sha256:8495092e94f6a7eebbdf980a8ccd3684f2078b02b2faf4b4822b1202ee42dae9,865
    pantry-tree:
      sha256: da65a22968a2fecc17f42e66f1f3d0d2f341e4af50bf496c6c0fe84c0907f756
      size: 195
  original:
    hackage: invertible-hxt-0.1
- completed:
    hackage: crypton-1.0.4@sha256:353391cc2cc583cf5e44c35c46b7a548a218037f2249c40a9712e00d7c46580c,14513
    pantry-tree:
      sha256: 275775d597bdde3cc1be614eb868ffc94a437f66e6e0ba964171035581d921d0
      size: 23346
  original:
    hackage: crypton-1.0.4@sha256:353391cc2cc583cf5e44c35c46b7a548a218037f2249c40a9712e00d7c46580c,14513
- completed:
    hackage: crypton-x509-1.7.7@sha256:bc5834cabe1a301ff1ab50f373a50b5ce237ea4ea01f008f554544ab8cae1686,2268
    pantry-tree:
      sha256: 6f7cda7e46beea503d7eebc8ad8b8c650a4d587826efb8616038c42b1d915292
      size: 1080
  original:
    hackage: crypton-x509-1.7.7@sha256:bc5834cabe1a301ff1ab50f373a50b5ce237ea4ea01f008f554544ab8cae1686,2268
snapshots:
- completed:
    sha256: 5a59b2a405b3aba3c00188453be172b85893cab8ebc352b1ef58b0eae5d248a2
    size: 650475
    url: https://raw.githubusercontent.com/commercialhaskell/stackage-snapshots/master/lts/20/26.yaml
  original: lts-20.26
